Microsoft Visual Studio Solution File, Format Version 12.00
# Visual Studio Version 17
VisualStudioVersion = 17.5.2.0
MinimumVisualStudioVersion = 10.0.40219.1
Project("{FAE04EC0-301F-11D3-BF4B-00C04F79EFBC}") = "simple-slide-show", "src\simple-slide-show.csproj", "{FCBFFBC7-7114-2BDC-130A-F76051F86967}"
EndProject
Global
	GlobalSection(SolutionConfigurationPlatforms) = preSolution
		Debug|Any CPU = Debug|Any CPU
		Release|Any CPU = Release|Any CPU
	EndGlobalSection
	GlobalSection(ProjectConfigurationPlatforms) = postSolution
		{FCBFFBC7-7114-2BDC-130A-F76051F86967}.Debug|Any CPU.ActiveCfg = Debug|Any CPU
		{FCBFFBC7-7114-2BDC-130A-F76051F86967}.Debug|Any CPU.Build.0 = Debug|Any CPU
		{FCBFFBC7-7114-2BDC-130A-F76051F86967}.Release|Any CPU.ActiveCfg = Release|Any CPU
		{FCBFFBC7-7114-2BDC-130A-F76051F86967}.Release|Any CPU.Build.0 = Release|Any CPU
	EndGlobalSection
	GlobalSection(SolutionProperties) = preSolution
		HideSolutionNode = FALSE
	EndGlobalSection
	GlobalSection(ExtensibilityGlobals) = postSolution
		SolutionGuid = {737DBB79-7061-412E-8539-753569CE4FDE}
	EndGlobalSection
EndGlobal
